
Microsoft Visual Studio Solution File, Format Version 12.00
# Visual Studio Version 17
VisualStudioVersion = 17.9.34728.123
MinimumVisualStudioVersion = 10.0.40219.1
Project("{FAE04EC0-301F-11D3-BF4B-00C04F79EFBC}") = "Task19052024", "Task19052024\Task19052024.csproj", "{5E285F02-3FF4-45CE-885C-C623630A5909}"
EndProject
Global
	GlobalSection(SolutionConfigurationPlatforms) = preSolution
		Debug|Any CPU = Debug|Any CPU
		Release|Any CPU = Release|Any CPU
	EndGlobalSection
	GlobalSection(ProjectConfigurationPlatforms) = postSolution
		{5E285F02-3FF4-45CE-885C-C623630A5909}.Debug|Any CPU.ActiveCfg = Debug|Any CPU
		{5E285F02-3FF4-45CE-885C-C623630A5909}.Debug|Any CPU.Build.0 = Debug|Any CPU
		{5E285F02-3FF4-45CE-885C-C623630A5909}.Release|Any CPU.ActiveCfg = Release|Any CPU
		{5E285F02-3FF4-45CE-885C-C623630A5909}.Release|Any CPU.Build.0 = Release|Any CPU
	EndGlobalSection
	GlobalSection(SolutionProperties) = preSolution
		HideSolutionNode = FALSE
	EndGlobalSection
	GlobalSection(ExtensibilityGlobals) = postSolution
		SolutionGuid = {1DE61E7F-B192-4C5D-A4B3-57DBE5D919E4}
	EndGlobalSection
EndGlobal
